// !$*UTF8*$!
{
	archiveVersion = 1;
	classes = {
	};
	objectVersion = 55;
	objects = {

/* Begin PBXBuildFile section */
		1F081A6428C770D1004B0094 /* WidgetKit.framework in Frameworks */ = {isa = PBXBuildFile; fileRef = 1F081A6328C770D1004B0094 /* WidgetKit.framework */; };
		1F081A6628C770D1004B0094 /* SwiftUI.framework in Frameworks */ = {isa = PBXBuildFile; fileRef = 1F081A6528C770D1004B0094 /* SwiftUI.framework */; };
		1F081A6928C770D1004B0094 /* TestingWidget.swift in Sources */ = {isa = PBXBuildFile; fileRef = 1F081A6828C770D1004B0094 /* TestingWidget.swift */; };
		1F081A6B28C770D3004B0094 /* Assets.xcassets in Resources */ = {isa = PBXBuildFile; fileRef = 1F081A6A28C770D3004B0094 /* Assets.xcassets */; };
		1F081A6F28C770D3004B0094 /* TestingWidgetExtension.appex in Embed Foundation Extensions */ = {isa = PBXBuildFile; fileRef = 1F081A6128C770D1004B0094 /* TestingWidgetExtension.appex */; settings = {ATTRIBUTES = (RemoveHeadersOnCopy, ); }; };
		1F4A42C228C76013006B2A90 /* App_ExtensionApp.swift in Sources */ = {isa = PBXBuildFile; fileRef = 1F4A42C128C76013006B2A90 /* App_ExtensionApp.swift */; };
		1F4A42C628C76015006B2A90 /* Assets.xcassets in Resources */ = {isa = PBXBuildFile; fileRef = 1F4A42C528C76015006B2A90 /* Assets.xcassets */; };
		1F4A42C928C76015006B2A90 /* Preview Assets.xcassets in Resources */ = {isa = PBXBuildFile; fileRef = 1F4A42C828C76015006B2A90 /* Preview Assets.xcassets */; };
		1FB3A57228C8ABB000924A59 /* TestingWidgetView.swift in Sources */ = {isa = PBXBuildFile; fileRef = 1FB3A57028C8AAB500924A59 /* TestingWidgetView.swift */; };
		1FFED94328D0A96000BBCF3C /* JobScheduler.swift in Sources */ = {isa = PBXBuildFile; fileRef = 1FFED92F28D0A96000BBCF3C /* JobScheduler.swift */; };
		1FFED94528D0A96000BBCF3C /* Enums.swift in Sources */ = {isa = PBXBuildFile; fileRef = 1FFED93128D0A96000BBCF3C /* Enums.swift */; };
		1FFED94728D0A96000BBCF3C /* JobQueue.swift in Sources */ = {isa = PBXBuildFile; fileRef = 1FFED93228D0A96000BBCF3C /* JobQueue.swift */; };
		1FFED94928D0A96000BBCF3C /* Links.swift in Sources */ = {isa = PBXBuildFile; fileRef = 1FFED93328D0A96000BBCF3C /* Links.swift */; };
		1FFED94D28D0A96000BBCF3C /* ResultView.swift in Sources */ = {isa = PBXBuildFile; fileRef = 1FFED93528D0A96000BBCF3C /* ResultView.swift */; };
		1FFED95128D0A96000BBCF3C /* Extensions.swift in Sources */ = {isa = PBXBuildFile; fileRef = 1FFED93828D0A96000BBCF3C /* Extensions.swift */; };
		1FFED95328D0A96000BBCF3C /* Profiler.swift in Sources */ = {isa = PBXBuildFile; fileRef = 1FFED93928D0A96000BBCF3C /* Profiler.swift */; };
		1FFED95528D0A96000BBCF3C /* CellResultView.swift in Sources */ = {isa = PBXBuildFile; fileRef = 1FFED93A28D0A96000BBCF3C /* CellResultView.swift */; };
		1FFED95728D0A96000BBCF3C /* TextView.swift in Sources */ = {isa = PBXBuildFile; fileRef = 1FFED93B28D0A96000BBCF3C /* TextView.swift */; };
		1FFED95928D0A96000BBCF3C /* SuffixModel.swift in Sources */ = {isa = PBXBuildFile; fileRef = 1FFED93C28D0A96000BBCF3C /* SuffixModel.swift */; };
		1FFED95B28D0A96000BBCF3C /* SuffixArray.swift in Sources */ = {isa = PBXBuildFile; fileRef = 1FFED93D28D0A96000BBCF3C /* SuffixArray.swift */; };
		1FFED95D28D0A96000BBCF3C /* ArrayHistoryView.swift in Sources */ = {isa = PBXBuildFile; fileRef = 1FFED93E28D0A96000BBCF3C /* ArrayHistoryView.swift */; };
		1FFED95F28D0A96000BBCF3C /* ContentView.swift in Sources */ = {isa = PBXBuildFile; fileRef = 1FFED93F28D0A96000BBCF3C /* ContentView.swift */; };
		1FFED96328D0AA1C00BBCF3C /* Links.swift in Sources */ = {isa = PBXBuildFile; fileRef = 1FFED93328D0A96000BBCF3C /* Links.swift */; };
/* End PBXBuildFile section */

/* Begin PBXContainerItemProxy section */
		1F081A6D28C770D3004B0094 /* PBXContainerItemProxy */ = {
			isa = PBXContainerItemProxy;
			containerPortal = 1F4A42B628C76013006B2A90 /* Project object */;
			proxyType = 1;
			remoteGlobalIDString = 1F081A6028C770D1004B0094;
			remoteInfo = TestingWidgetExtension;
		};
/* End PBXContainerItemProxy section */

/* Begin PBXCopyFilesBuildPhase section */
		1F081A7028C770D3004B0094 /* Embed Foundation Extensions */ = {
			isa = PBXCopyFilesBuildPhase;
			buildActionMask = 2147483647;
			dstPath = "";
			dstSubfolderSpec = 13;
			files = (
				1F081A6F28C770D3004B0094 /* TestingWidgetExtension.appex in Embed Foundation Extensions */,
			);
			name = "Embed Foundation Extensions";
			runOnlyForDeploymentPostprocessing = 0;
		};
/* End PBXCopyFilesBuildPhase section */

/* Begin PBXFileReference section */
		1F081A6128C770D1004B0094 /* TestingWidgetExtension.appex */ = {isa = PBXFileReference; explicitFileType = "wrapper.app-extension"; includeInIndex = 0; path = TestingWidgetExtension.appex; sourceTree = BUILT_PRODUCTS_DIR; };
		1F081A6328C770D1004B0094 /* WidgetKit.framework */ = {isa = PBXFileReference; lastKnownFileType = wrapper.framework; name = WidgetKit.framework; path = System/Library/Frameworks/WidgetKit.framework; sourceTree = SDKROOT; };
		1F081A6528C770D1004B0094 /* SwiftUI.framework */ = {isa = PBXFileReference; lastKnownFileType = wrapper.framework; name = SwiftUI.framework; path = System/Library/Frameworks/SwiftUI.framework; sourceTree = SDKROOT; };
		1F081A6828C770D1004B0094 /* TestingWidget.swift */ = {isa = PBXFileReference; lastKnownFileType = sourcecode.swift; path = TestingWidget.swift; sourceTree = "<group>"; };
		1F081A6A28C770D3004B0094 /* Assets.xcassets */ = {isa = PBXFileReference; lastKnownFileType = folder.assetcatalog; path = Assets.xcassets; sourceTree = "<group>"; };
		1F081A6C28C770D3004B0094 /* Info.plist */ = {isa = PBXFileReference; lastKnownFileType = text.plist.xml; path = Info.plist; sourceTree = "<group>"; };
		1F4A42BE28C76013006B2A90 /* App Extension.app */ = {isa = PBXFileReference; explicitFileType = wrapper.application; includeInIndex = 0; path = "App Extension.app"; sourceTree = BUILT_PRODUCTS_DIR; };
		1F4A42C128C76013006B2A90 /* App_ExtensionApp.swift */ = {isa = PBXFileReference; lastKnownFileType = sourcecode.swift; path = App_ExtensionApp.swift; sourceTree = "<group>"; };
		1F4A42C528C76015006B2A90 /* Assets.xcassets */ = {isa = PBXFileReference; lastKnownFileType = folder.assetcatalog; path = Assets.xcassets; sourceTree = "<group>"; };
		1F4A42C828C76015006B2A90 /* Preview Assets.xcassets */ = {isa = PBXFileReference; lastKnownFileType = folder.assetcatalog; path = "Preview Assets.xcassets"; sourceTree = "<group>"; };
		1FB3A57028C8AAB500924A59 /* TestingWidgetView.swift */ = {isa = PBXFileReference; lastKnownFileType = sourcecode.swift; path = TestingWidgetView.swift; sourceTree = "<group>"; };
		1FFED92F28D0A96000BBCF3C /* JobScheduler.swift */ = {isa = PBXFileReference; fileEncoding = 4; lastKnownFileType = sourcecode.swift; path = JobScheduler.swift; sourceTree = "<group>"; };
		1FFED93128D0A96000BBCF3C /* Enums.swift */ = {isa = PBXFileReference; fileEncoding = 4; lastKnownFileType = sourcecode.swift; path = Enums.swift; sourceTree = "<group>"; };
		1FFED93228D0A96000BBCF3C /* JobQueue.swift */ = {isa = PBXFileReference; fileEncoding = 4; lastKnownFileType = sourcecode.swift; path = JobQueue.swift; sourceTree = "<group>"; };
		1FFED93328D0A96000BBCF3C /* Links.swift */ = {isa = PBXFileReference; fileEncoding = 4; lastKnownFileType = sourcecode.swift; path = Links.swift; sourceTree = "<group>"; };
		1FFED93528D0A96000BBCF3C /* ResultView.swift */ = {isa = PBXFileReference; fileEncoding = 4; lastKnownFileType = sourcecode.swift; path = ResultView.swift; sourceTree = "<group>"; };
		1FFED93828D0A96000BBCF3C /* Extensions.swift */ = {isa = PBXFileReference; fileEncoding = 4; lastKnownFileType = sourcecode.swift; path = Extensions.swift; sourceTree = "<group>"; };
		1FFED93928D0A96000BBCF3C /* Profiler.swift */ = {isa = PBXFileReference; fileEncoding = 4; lastKnownFileType = sourcecode.swift; path = Profiler.swift; sourceTree = "<group>"; };
		1FFED93A28D0A96000BBCF3C /* CellResultView.swift */ = {isa = PBXFileReference; fileEncoding = 4; lastKnownFileType = sourcecode.swift; path = CellResultView.swift; sourceTree = "<group>"; };
		1FFED93B28D0A96000BBCF3C /* TextView.swift */ = {isa = PBXFileReference; fileEncoding = 4; lastKnownFileType = sourcecode.swift; path = TextView.swift; sourceTree = "<group>"; };
		1FFED93C28D0A96000BBCF3C /* SuffixModel.swift */ = {isa = PBXFileReference; fileEncoding = 4; lastKnownFileType = sourcecode.swift; path = SuffixModel.swift; sourceTree = "<group>"; };
		1FFED93D28D0A96000BBCF3C /* SuffixArray.swift */ = {isa = PBXFileReference; fileEncoding = 4; lastKnownFileType = sourcecode.swift; path = SuffixArray.swift; sourceTree = "<group>"; };
		1FFED93E28D0A96000BBCF3C /* ArrayHistoryView.swift */ = {isa = PBXFileReference; fileEncoding = 4; lastKnownFileType = sourcecode.swift; path = ArrayHistoryView.swift; sourceTree = "<group>"; };
		1FFED93F28D0A96000BBCF3C /* ContentView.swift */ = {isa = PBXFileReference; fileEncoding = 4; lastKnownFileType = sourcecode.swift; path = ContentView.swift; sourceTree = "<group>"; };
		1FFED96428D0AA6700BBCF3C /* App Extension.entitlements */ = {isa = PBXFileReference; lastKnownFileType = text.plist.entitlements; path = "App Extension.entitlements"; sourceTree = "<group>"; };
		1FFED96528D0AA7300BBCF3C /* TestingWidgetExtension.entitlements */ = {isa = PBXFileReference; lastKnownFileType = text.plist.entitlements; path = TestingWidgetExtension.entitlements; sourceTree = "<group>"; };
/* End PBXFileReference section */

/* Begin PBXFrameworksBuildPhase section */
		1F081A5E28C770D1004B0094 /* Frameworks */ = {
			isa = PBXFrameworksBuildPhase;
			buildActionMask = 2147483647;
			files = (
				1F081A6628C770D1004B0094 /* SwiftUI.framework in Frameworks */,
				1F081A6428C770D1004B0094 /* WidgetKit.framework in Frameworks */,
			);
			runOnlyForDeploymentPostprocessing = 0;
		};
		1F4A42BB28C76013006B2A90 /* Frameworks */ = {
			isa = PBXFrameworksBuildPhase;
			buildActionMask = 2147483647;
			files = (
			);
			runOnlyForDeploymentPostprocessing = 0;
		};
/* End PBXFrameworksBuildPhase section */

/* Begin PBXGroup section */
		1F081A6228C770D1004B0094 /* Frameworks */ = {
			isa = PBXGroup;
			children = (
				1F081A6328C770D1004B0094 /* WidgetKit.framework */,
				1F081A6528C770D1004B0094 /* SwiftUI.framework */,
			);
			name = Frameworks;
			sourceTree = "<group>";
		};
		1F081A6728C770D1004B0094 /* TestingWidget */ = {
			isa = PBXGroup;
			children = (
				1F081A6828C770D1004B0094 /* TestingWidget.swift */,
				1F081A6A28C770D3004B0094 /* Assets.xcassets */,
				1F081A6C28C770D3004B0094 /* Info.plist */,
				1FB3A57028C8AAB500924A59 /* TestingWidgetView.swift */,
			);
			path = TestingWidget;
			sourceTree = "<group>";
		};
		1F281CD128D1ED9A00EC6947 /* Supplements */ = {
			isa = PBXGroup;
			children = (
				1FFED93828D0A96000BBCF3C /* Extensions.swift */,
				1FFED93128D0A96000BBCF3C /* Enums.swift */,
				1FFED93328D0A96000BBCF3C /* Links.swift */,
			);
			path = Supplements;
			sourceTree = "<group>";
		};
		1F4A42B528C76013006B2A90 = {
			isa = PBXGroup;
			children = (
				1FFED96528D0AA7300BBCF3C /* TestingWidgetExtension.entitlements */,
				1F4A42C028C76013006B2A90 /* App Extension */,
				1F081A6728C770D1004B0094 /* TestingWidget */,
				1F081A6228C770D1004B0094 /* Frameworks */,
				1F4A42BF28C76013006B2A90 /* Products */,
			);
			sourceTree = "<group>";
		};
		1F4A42BF28C76013006B2A90 /* Products */ = {
			isa = PBXGroup;
			children = (
				1F4A42BE28C76013006B2A90 /* App Extension.app */,
				1F081A6128C770D1004B0094 /* TestingWidgetExtension.appex */,
			);
			name = Products;
			sourceTree = "<group>";
		};
		1F4A42C028C76013006B2A90 /* App Extension */ = {
			isa = PBXGroup;
			children = (
				1FFED96428D0AA6700BBCF3C /* App Extension.entitlements */,
				1F4A42C128C76013006B2A90 /* App_ExtensionApp.swift */,
				1F281CD128D1ED9A00EC6947 /* Supplements */,
				1FFED96928D0AF2200BBCF3C /* ViewModels */,
				1F4A42DB28C76100006B2A90 /* Views */,
				1F4A42C528C76015006B2A90 /* Assets.xcassets */,
				1F4A42C728C76015006B2A90 /* Preview Content */,
			);
			path = "App Extension";
			sourceTree = "<group>";
		};
		1F4A42C728C76015006B2A90 /* Preview Content */ = {
			isa = PBXGroup;
			children = (
				1F4A42C828C76015006B2A90 /* Preview Assets.xcassets */,
			);
			path = "Preview Content";
			sourceTree = "<group>";
		};
		1F4A42DB28C76100006B2A90 /* Views */ = {
			isa = PBXGroup;
			children = (
				1FFED93F28D0A96000BBCF3C /* ContentView.swift */,
				1FFED93528D0A96000BBCF3C /* ResultView.swift */,
				1FFED93A28D0A96000BBCF3C /* CellResultView.swift */,
				1FFED93B28D0A96000BBCF3C /* TextView.swift */,
				1FFED93E28D0A96000BBCF3C /* ArrayHistoryView.swift */,
			);
			path = Views;
			sourceTree = "<group>";
		};
		1F8BE13728D0C81100DBA95A /* Suffix */ = {
			isa = PBXGroup;
			children = (
				1FFED93C28D0A96000BBCF3C /* SuffixModel.swift */,
				1FFED93D28D0A96000BBCF3C /* SuffixArray.swift */,
			);
			path = Suffix;
			sourceTree = "<group>";
		};
		1F8BE13828D0C82B00DBA95A /* JobQueue */ = {
			isa = PBXGroup;
			children = (
				1FFED93928D0A96000BBCF3C /* Profiler.swift */,
				1FFED93228D0A96000BBCF3C /* JobQueue.swift */,
				1FFED92F28D0A96000BBCF3C /* JobScheduler.swift */,
			);
			path = JobQueue;
			sourceTree = "<group>";
		};
		1FFED96928D0AF2200BBCF3C /* ViewModels */ = {
			isa = PBXGroup;
			children = (
				1F8BE13828D0C82B00DBA95A /* JobQueue */,
				1F8BE13728D0C81100DBA95A /* Suffix */,
			);
			path = ViewModels;
			sourceTree = "<group>";
		};
/* End PBXGroup section */

/* Begin PBXNativeTarget section */
		1F081A6028C770D1004B0094 /* TestingWidgetExtension */ = {
			isa = PBXNativeTarget;
			buildConfigurationList = 1F081A7328C770D3004B0094 /* Build configuration list for PBXNativeTarget "TestingWidgetExtension" */;
			buildPhases = (
				1F081A5D28C770D1004B0094 /* Sources */,
				1F081A5E28C770D1004B0094 /* Frameworks */,
				1F081A5F28C770D1004B0094 /* Resources */,
			);
			buildRules = (
			);
			dependencies = (
			);
			name = TestingWidgetExtension;
			productName = TestingWidgetExtension;
			productReference = 1F081A6128C770D1004B0094 /* TestingWidgetExtension.appex */;
			productType = "com.apple.product-type.app-extension";
		};
		1F4A42BD28C76013006B2A90 /* App Extension */ = {
			isa = PBXNativeTarget;
			buildConfigurationList = 1F4A42CC28C76015006B2A90 /* Build configuration list for PBXNativeTarget "App Extension" */;
			buildPhases = (
				1F4A42BA28C76013006B2A90 /* Sources */,
				1F4A42BB28C76013006B2A90 /* Frameworks */,
				1F4A42BC28C76013006B2A90 /* Resources */,
				1F081A7028C770D3004B0094 /* Embed Foundation Extensions */,
			);
			buildRules = (
			);
			dependencies = (
				1F081A6E28C770D3004B0094 /* PBXTargetDependency */,
			);
			name = "App Extension";
			productName = "App Extension";
			productReference = 1F4A42BE28C76013006B2A90 /* App Extension.app */;
			productType = "com.apple.product-type.application";
		};
/* End PBXNativeTarget section */

/* Begin PBXProject section */
		1F4A42B628C76013006B2A90 /* Project object */ = {
			isa = PBXProject;
			attributes = {
				BuildIndependentTargetsInParallel = 1;
				LastSwiftUpdateCheck = 1340;
				LastUpgradeCheck = 1400;
				TargetAttributes = {
					1F081A6028C770D1004B0094 = {
						CreatedOnToolsVersion = 13.4.1;
					};
					1F4A42BD28C76013006B2A90 = {
						CreatedOnToolsVersion = 13.4.1;
					};
				};
			};
			buildConfigurationList = 1F4A42B928C76013006B2A90 /* Build configuration list for PBXProject "App Extension" */;
			compatibilityVersion = "Xcode 13.0";
			developmentRegion = en;
			hasScannedForEncodings = 0;
			knownRegions = (
				en,
				Base,
			);
			mainGroup = 1F4A42B528C76013006B2A90;
			productRefGroup = 1F4A42BF28C76013006B2A90 /* Products */;
			projectDirPath = "";
			projectRoot = "";
			targets = (
				1F4A42BD28C76013006B2A90 /* App Extension */,
				1F081A6028C770D1004B0094 /* TestingWidgetExtension */,
			);
		};
/* End PBXProject section */

/* Begin PBXResourcesBuildPhase section */
		1F081A5F28C770D1004B0094 /* Resources */ = {
			isa = PBXResourcesBuildPhase;
			buildActionMask = 2147483647;
			files = (
				1F081A6B28C770D3004B0094 /* Assets.xcassets in Resources */,
			);
			runOnlyForDeploymentPostprocessing = 0;
		};
		1F4A42BC28C76013006B2A90 /* Resources */ = {
			isa = PBXResourcesBuildPhase;
			buildActionMask = 2147483647;
			files = (
				1F4A42C928C76015006B2A90 /* Preview Assets.xcassets in Resources */,
				1F4A42C628C76015006B2A90 /* Assets.xcassets in Resources */,
			);
			runOnlyForDeploymentPostprocessing = 0;
		};
/* End PBXResourcesBuildPhase section */

/* Begin PBXSourcesBuildPhase section */
		1F081A5D28C770D1004B0094 /* Sources */ = {
			isa = PBXSourcesBuildPhase;
			buildActionMask = 2147483647;
			files = (
				1F081A6928C770D1004B0094 /* TestingWidget.swift in Sources */,
				1FFED96328D0AA1C00BBCF3C /* Links.swift in Sources */,
				1FB3A57228C8ABB000924A59 /* TestingWidgetView.swift in Sources */,
			);
			runOnlyForDeploymentPostprocessing = 0;
		};
		1F4A42BA28C76013006B2A90 /* Sources */ = {
			isa = PBXSourcesBuildPhase;
			buildActionMask = 2147483647;
			files = (
				1FFED95328D0A96000BBCF3C /* Profiler.swift in Sources */,
				1FFED95528D0A96000BBCF3C /* CellResultView.swift in Sources */,
				1FFED95928D0A96000BBCF3C /* SuffixModel.swift in Sources */,
				1FFED95F28D0A96000BBCF3C /* ContentView.swift in Sources */,
				1FFED95D28D0A96000BBCF3C /* ArrayHistoryView.swift in Sources */,
				1FFED94D28D0A96000BBCF3C /* ResultView.swift in Sources */,
				1FFED94728D0A96000BBCF3C /* JobQueue.swift in Sources */,
				1FFED95728D0A96000BBCF3C /* TextView.swift in Sources */,
				1FFED94928D0A96000BBCF3C /* Links.swift in Sources */,
				1FFED94528D0A96000BBCF3C /* Enums.swift in Sources */,
				1FFED95128D0A96000BBCF3C /* Extensions.swift in Sources */,
				1FFED95B28D0A96000BBCF3C /* SuffixArray.swift in Sources */,
				1F4A42C228C76013006B2A90 /* App_ExtensionApp.swift in Sources */,
				1FFED94328D0A96000BBCF3C /* JobScheduler.swift in Sources */,
			);
			runOnlyForDeploymentPostprocessing = 0;
		};
/* End PBXSourcesBuildPhase section */

/* Begin PBXTargetDependency section */
		1F081A6E28C770D3004B0094 /* PBXTargetDependency */ = {
			isa = PBXTargetDependency;
			target = 1F081A6028C770D1004B0094 /* TestingWidgetExtension */;
			targetProxy = 1F081A6D28C770D3004B0094 /* PBXContainerItemProxy */;
		};
/* End PBXTargetDependency section */

/* Begin XCBuildConfiguration section */
		1F081A7128C770D3004B0094 /* Debug */ = {
			isa = XCBuildConfiguration;
			buildSettings = {
				ASSETCATALOG_COMPILER_GLOBAL_ACCENT_COLOR_NAME = AccentColor;
				ASSETCATALOG_COMPILER_WIDGET_BACKGROUND_COLOR_NAME = WidgetBackground;
				CODE_SIGN_ENTITLEMENTS = TestingWidgetExtension.entitlements;
				CODE_SIGN_STYLE = Automatic;
				CURRENT_PROJECT_VERSION = 1;
				DEVELOPMENT_TEAM = 6JQR5WH86M;
				GENERATE_INFOPLIST_FILE = YES;
				INFOPLIST_FILE = TestingWidget/Info.plist;
				INFOPLIST_KEY_CFBundleDisplayName = TestingWidget;
				INFOPLIST_KEY_NSHumanReadableCopyright = "";
				LD_RUNPATH_SEARCH_PATHS = (
					"$(inherited)",
					"@executable_path/Frameworks",
					"@executable_path/../../Frameworks",
				);
				MARKETING_VERSION = 1.0;
				PRODUCT_BUNDLE_IDENTIFIER = "Nothing.App-Extension.TestingWidget";
				PRODUCT_NAME = "$(TARGET_NAME)";
				SKIP_INSTALL = YES;
				SWIFT_EMIT_LOC_STRINGS = YES;
				SWIFT_VERSION = 5.0;
				TARGETED_DEVICE_FAMILY = "1,2";
			};
			name = Debug;
		};
		1F081A7228C770D3004B0094 /* Release */ = {
			isa = XCBuildConfiguration;
			buildSettings = {
				ASSETCATALOG_COMPILER_GLOBAL_ACCENT_COLOR_NAME = AccentColor;
				ASSETCATALOG_COMPILER_WIDGET_BACKGROUND_COLOR_NAME = WidgetBackground;
				CODE_SIGN_ENTITLEMENTS = TestingWidgetExtension.entitlements;
				CODE_SIGN_STYLE = Automatic;
				CURRENT_PROJECT_VERSION = 1;
				DEVELOPMENT_TEAM = 6JQR5WH86M;
				GENERATE_INFOPLIST_FILE = YES;
				INFOPLIST_FILE = TestingWidget/Info.plist;
				INFOPLIST_KEY_CFBundleDisplayName = TestingWidget;
				INFOPLIST_KEY_NSHumanReadableCopyright = "";
				LD_RUNPATH_SEARCH_PATHS = (
					"$(inherited)",
					"@executable_path/Frameworks",
					"@executable_path/../../Frameworks",
				);
				MARKETING_VERSION = 1.0;
				PRODUCT_BUNDLE_IDENTIFIER = "Nothing.App-Extension.TestingWidget";
				PRODUCT_NAME = "$(TARGET_NAME)";
				SKIP_INSTALL = YES;
				SWIFT_EMIT_LOC_STRINGS = YES;
				SWIFT_VERSION = 5.0;
				TARGETED_DEVICE_FAMILY = "1,2";
			};
			name = Release;
		};
		1F4A42CA28C76015006B2A90 /* Debug */ = {
			isa = XCBuildConfiguration;
			buildSettings = {
				ALWAYS_SEARCH_USER_PATHS = NO;
				CLANG_ANALYZER_NONNULL = YES;
				CLANG_ANALYZER_NUMBER_OBJECT_CONVERSION = YES_AGGRESSIVE;
				CLANG_CXX_LANGUAGE_STANDARD = "gnu++17";
				CLANG_ENABLE_MODULES = YES;
				CLANG_ENABLE_OBJC_ARC = YES;
				CLANG_ENABLE_OBJC_WEAK = YES;
				CLANG_WARN_BLOCK_CAPTURE_AUTORELEASING = YES;
				CLANG_WARN_BOOL_CONVERSION = YES;
				CLANG_WARN_COMMA = YES;
				CLANG_WARN_CONSTANT_CONVERSION = YES;
				CLANG_WARN_DEPRECATED_OBJC_IMPLEMENTATIONS = YES;
				CLANG_WARN_DIRECT_OBJC_ISA_USAGE = YES_ERROR;
				CLANG_WARN_DOCUMENTATION_COMMENTS = YES;
				CLANG_WARN_EMPTY_BODY = YES;
				CLANG_WARN_ENUM_CONVERSION = YES;
				CLANG_WARN_INFINITE_RECURSION = YES;
				CLANG_WARN_INT_CONVERSION = YES;
				CLANG_WARN_NON_LITERAL_NULL_CONVERSION = YES;
				CLANG_WARN_OBJC_IMPLICIT_RETAIN_SELF = YES;
				CLANG_WARN_OBJC_LITERAL_CONVERSION = YES;
				CLANG_WARN_OBJC_ROOT_CLASS = YES_ERROR;
				CLANG_WARN_QUOTED_INCLUDE_IN_FRAMEWORK_HEADER = YES;
				CLANG_WARN_RANGE_LOOP_ANALYSIS = YES;
				CLANG_WARN_STRICT_PROTOTYPES = YES;
				CLANG_WARN_SUSPICIOUS_MOVE = YES;
				CLANG_WARN_UNGUARDED_AVAILABILITY = YES_AGGRESSIVE;
				CLANG_WARN_UNREACHABLE_CODE = YES;
				CLANG_WARN__DUPLICATE_METHOD_MATCH = YES;
				COPY_PHASE_STRIP = NO;
				DEBUG_INFORMATION_FORMAT = dwarf;
				ENABLE_STRICT_OBJC_MSGSEND = YES;
				ENABLE_TESTABILITY = YES;
				GCC_C_LANGUAGE_STANDARD = gnu11;
				GCC_DYNAMIC_NO_PIC = NO;
				GCC_NO_COMMON_BLOCKS = YES;
				GCC_OPTIMIZATION_LEVEL = 0;
				GCC_PREPROCESSOR_DEFINITIONS = (
					"DEBUG=1",
					"$(inherited)",
				);
				GCC_WARN_64_TO_32_BIT_CONVERSION = YES;
				GCC_WARN_ABOUT_RETURN_TYPE = YES_ERROR;
				GCC_WARN_UNDECLARED_SELECTOR = YES;
				GCC_WARN_UNINITIALIZED_AUTOS = YES_AGGRESSIVE;
				GCC_WARN_UNUSED_FUNCTION = YES;
				GCC_WARN_UNUSED_VARIABLE = YES;
				IPHONEOS_DEPLOYMENT_TARGET = 15.5;
				MTL_ENABLE_DEBUG_INFO = INCLUDE_SOURCE;
				MTL_FAST_MATH = YES;
				ONLY_ACTIVE_ARCH = YES;
				SDKROOT = iphoneos;
				SWIFT_ACTIVE_COMPILATION_CONDITIONS = DEBUG;
				SWIFT_OPTIMIZATION_LEVEL = "-Onone";
			};
			name = Debug;
		};
		1F4A42CB28C76015006B2A90 /* Release */ = {
			isa = XCBuildConfiguration;
			buildSettings = {
				ALWAYS_SEARCH_USER_PATHS = NO;
				CLANG_ANALYZER_NONNULL = YES;
				CLANG_ANALYZER_NUMBER_OBJECT_CONVERSION = YES_AGGRESSIVE;
				CLANG_CXX_LANGUAGE_STANDARD = "gnu++17";
				CLANG_ENABLE_MODULES = YES;
				CLANG_ENABLE_OBJC_ARC = YES;
				CLANG_ENABLE_OBJC_WEAK = YES;
				CLANG_WARN_BLOCK_CAPTURE_AUTORELEASING = YES;
				CLANG_WARN_BOOL_CONVERSION = YES;
				CLANG_WARN_COMMA = YES;
				CLANG_WARN_CONSTANT_CONVERSION = YES;
				CLANG_WARN_DEPRECATED_OBJC_IMPLEMENTATIONS = YES;
				CLANG_WARN_DIRECT_OBJC_ISA_USAGE = YES_ERROR;
				CLANG_WARN_DOCUMENTATION_COMMENTS = YES;
				CLANG_WARN_EMPTY_BODY = YES;
				CLANG_WARN_ENUM_CONVERSION = YES;
				CLANG_WARN_INFINITE_RECURSION = YES;
				CLANG_WARN_INT_CONVERSION = YES;
				CLANG_WARN_NON_LITERAL_NULL_CONVERSION = YES;
				CLANG_WARN_OBJC_IMPLICIT_RETAIN_SELF = YES;
				CLANG_WARN_OBJC_LITERAL_CONVERSION = YES;
				CLANG_WARN_OBJC_ROOT_CLASS = YES_ERROR;
				CLANG_WARN_QUOTED_INCLUDE_IN_FRAMEWORK_HEADER = YES;
				CLANG_WARN_RANGE_LOOP_ANALYSIS = YES;
				CLANG_WARN_STRICT_PROTOTYPES = YES;
				CLANG_WARN_SUSPICIOUS_MOVE = YES;
				CLANG_WARN_UNGUARDED_AVAILABILITY = YES_AGGRESSIVE;
				CLANG_WARN_UNREACHABLE_CODE = YES;
				CLANG_WARN__DUPLICATE_METHOD_MATCH = YES;
				COPY_PHASE_STRIP = NO;
				DEBUG_INFORMATION_FORMAT = "dwarf-with-dsym";
				ENABLE_NS_ASSERTIONS = NO;
				ENABLE_STRICT_OBJC_MSGSEND = YES;
				GCC_C_LANGUAGE_STANDARD = gnu11;
				GCC_NO_COMMON_BLOCKS = YES;
				GCC_WARN_64_TO_32_BIT_CONVERSION = YES;
				GCC_WARN_ABOUT_RETURN_TYPE = YES_ERROR;
				GCC_WARN_UNDECLARED_SELECTOR = YES;
				GCC_WARN_UNINITIALIZED_AUTOS = YES_AGGRESSIVE;
				GCC_WARN_UNUSED_FUNCTION = YES;
				GCC_WARN_UNUSED_VARIABLE = YES;
				IPHONEOS_DEPLOYMENT_TARGET = 15.5;
				MTL_ENABLE_DEBUG_INFO = NO;
				MTL_FAST_MATH = YES;
				SDKROOT = iphoneos;
				SWIFT_COMPILATION_MODE = wholemodule;
				SWIFT_OPTIMIZATION_LEVEL = "-O";
				VALIDATE_PRODUCT = YES;
			};
			name = Release;
		};
		1F4A42CD28C76015006B2A90 /* Debug */ = {
			isa = XCBuildConfiguration;
			buildSettings = {
				ALWAYS_EMBED_SWIFT_STANDARD_LIBRARIES = YES;
				ASSETCATALOG_COMPILER_APPICON_NAME = AppIcon;
				ASSETCATALOG_COMPILER_GLOBAL_ACCENT_COLOR_NAME = AccentColor;
				CODE_SIGN_ENTITLEMENTS = "App Extension/App Extension.entitlements";
				CODE_SIGN_STYLE = Automatic;
				CURRENT_PROJECT_VERSION = 1;
				DEVELOPMENT_ASSET_PATHS = "\"App Extension/Preview Content\"";
				DEVELOPMENT_TEAM = 6JQR5WH86M;
				ENABLE_PREVIEWS = YES;
				GENERATE_INFOPLIST_FILE = YES;
				INFOPLIST_KEY_UIApplicationSceneManifest_Generation = YES;
				INFOPLIST_KEY_UIApplicationSupportsIndirectInputEvents = YES;
				INFOPLIST_KEY_UILaunchScreen_Generation = YES;
				INFOPLIST_KEY_UISupportedInterfaceOrientations_iPad = "UIInterfaceOrientationPortrait UIInterfaceOrientationPortraitUpsideDown UIInterfaceOrientationLandscapeLeft UIInterfaceOrientationLandscapeRight";
				INFOPLIST_KEY_UISupportedInterfaceOrientations_iPhone = "UIInterfaceOrientationPortrait UIInterfaceOrientationLandscapeLeft UIInterfaceOrientationLandscapeRight";
				LD_RUNPATH_SEARCH_PATHS = (
					"$(inherited)",
					"@executable_path/Frameworks",
				);
				MARKETING_VERSION = 1.0;
				PRODUCT_BUNDLE_IDENTIFIER = "Nothing.App-Extension";
				PRODUCT_NAME = "$(TARGET_NAME)";
				SWIFT_EMIT_LOC_STRINGS = YES;
				SWIFT_VERSION = 5.0;
				TARGETED_DEVICE_FAMILY = "1,2";
			};
			name = Debug;
		};
		1F4A42CE28C76015006B2A90 /* Release */ = {
			isa = XCBuildConfiguration;
			buildSettings = {
				ALWAYS_EMBED_SWIFT_STANDARD_LIBRARIES = YES;
				ASSETCATALOG_COMPILER_APPICON_NAME = AppIcon;
				ASSETCATALOG_COMPILER_GLOBAL_ACCENT_COLOR_NAME = AccentColor;
				CODE_SIGN_ENTITLEMENTS = "App Extension/App Extension.entitlements";
				CODE_SIGN_STYLE = Automatic;
				CURRENT_PROJECT_VERSION = 1;
				DEVELOPMENT_ASSET_PATHS = "\"App Extension/Preview Content\"";
				DEVELOPMENT_TEAM = 6JQR5WH86M;
				ENABLE_PREVIEWS = YES;
				GENERATE_INFOPLIST_FILE = YES;
				INFOPLIST_KEY_UIApplicationSceneManifest_Generation = YES;
				INFOPLIST_KEY_UIApplicationSupportsIndirectInputEvents = YES;
				INFOPLIST_KEY_UILaunchScreen_Generation = YES;
				INFOPLIST_KEY_UISupportedInterfaceOrientations_iPad = "UIInterfaceOrientationPortrait UIInterfaceOrientationPortraitUpsideDown UIInterfaceOrientationLandscapeLeft UIInterfaceOrientationLandscapeRight";
				INFOPLIST_KEY_UISupportedInterfaceOrientations_iPhone = "UIInterfaceOrientationPortrait UIInterfaceOrientationLandscapeLeft UIInterfaceOrientationLandscapeRight";
				LD_RUNPATH_SEARCH_PATHS = (
					"$(inherited)",
					"@executable_path/Frameworks",
				);
				MARKETING_VERSION = 1.0;
				PRODUCT_BUNDLE_IDENTIFIER = "Nothing.App-Extension";
				PRODUCT_NAME = "$(TARGET_NAME)";
				SWIFT_EMIT_LOC_STRINGS = YES;
				SWIFT_VERSION = 5.0;
				TARGETED_DEVICE_FAMILY = "1,2";
			};
			name = Release;
		};
/* End XCBuildConfiguration section */

/* Begin XCConfigurationList section */
		1F081A7328C770D3004B0094 /* Build configuration list for PBXNativeTarget "TestingWidgetExtension" */ = {
			isa = XCConfigurationList;
			buildConfigurations = (
				1F081A7128C770D3004B0094 /* Debug */,
				1F081A7228C770D3004B0094 /* Release */,
			);
			defaultConfigurationIsVisible = 0;
			defaultConfigurationName = Release;
		};
		1F4A42B928C76013006B2A90 /* Build configuration list for PBXProject "App Extension" */ = {
			isa = XCConfigurationList;
			buildConfigurations = (
				1F4A42CA28C76015006B2A90 /* Debug */,
				1F4A42CB28C76015006B2A90 /* Release */,
			);
			defaultConfigurationIsVisible = 0;
			defaultConfigurationName = Release;
		};
		1F4A42CC28C76015006B2A90 /* Build configuration list for PBXNativeTarget "App Extension" */ = {
			isa = XCConfigurationList;
			buildConfigurations = (
				1F4A42CD28C76015006B2A90 /* Debug */,
				1F4A42CE28C76015006B2A90 /* Release */,
			);
			defaultConfigurationIsVisible = 0;
			defaultConfigurationName = Release;
		};
/* End XCConfigurationList section */
	};
	rootObject = 1F4A42B628C76013006B2A90 /* Project object */;
}
